// !$*UTF8*$!
{
	archiveVersion = 1;
	classes = {
	};
	objectVersion = 46;
	objects = {

/* Begin PBXBuildFile section */
		7EC965E98521112920CF9111 /* libPods-OvertimeCalc.a in Frameworks */ = {isa = PBXBuildFile; fileRef = 018EA7BFAF3D25934C7E7EB2 /* libPods-OvertimeCalc.a */; };
		9324EA4F1D034B8900A3AC11 /* ViewOvertimeViewController.m in Sources */ = {isa = PBXBuildFile; fileRef = 9324EA4E1D034B8900A3AC11 /* ViewOvertimeViewController.m */; };
		937CD09D1D0F05820098187F /* OvertimeVC.m in Sources */ = {isa = PBXBuildFile; fileRef = 937CD09C1D0F05820098187F /* OvertimeVC.m */; };
		937CD0A51D0F50C40098187F /* CalendarViewController.m in Sources */ = {isa = PBXBuildFile; fileRef = 937CD0A31D0F50C40098187F /* CalendarViewController.m */; };
		937CD0A61D0F50C40098187F /* CalendarViewController.xib in Resources */ = {isa = PBXBuildFile; fileRef = 937CD0A41D0F50C40098187F /* CalendarViewController.xib */; };
		93B16EFC1CECCF7600B04783 /* main.m in Sources */ = {isa = PBXBuildFile; fileRef = 93B16EFB1CECCF7600B04783 /* main.m */; };
		93B16EFF1CECCF7600B04783 /* AppDelegate.m in Sources */ = {isa = PBXBuildFile; fileRef = 93B16EFE1CECCF7600B04783 /* AppDelegate.m */; };
		93B16F021CECCF7600B04783 /* ViewController.m in Sources */ = {isa = PBXBuildFile; fileRef = 93B16F011CECCF7600B04783 /* ViewController.m */; };
		93B16F051CECCF7600B04783 /* Main.storyboard in Resources */ = {isa = PBXBuildFile; fileRef = 93B16F031CECCF7600B04783 /* Main.storyboard */; };
		93B16F081CECCF7600B04783 /* OvertimeCalc.xcdatamodeld in Sources */ = {isa = PBXBuildFile; fileRef = 93B16F061CECCF7600B04783 /* OvertimeCalc.xcdatamodeld */; };
		93B16F0A1CECCF7600B04783 /* Assets.xcassets in Resources */ = {isa = PBXBuildFile; fileRef = 93B16F091CECCF7600B04783 /* Assets.xcassets */; };
		93B16F0D1CECCF7600B04783 /* LaunchScreen.storyboard in Resources */ = {isa = PBXBuildFile; fileRef = 93B16F0B1CECCF7600B04783 /* LaunchScreen.storyboard */; };
		93B16F241CECD70600B04783 /* sum.png in Resources */ = {isa = PBXBuildFile; fileRef = 93B16F231CECD70600B04783 /* sum.png */; };
		93B16F271CECDE3A00B04783 /* TotalTVC.m in Sources */ = {isa = PBXBuildFile; fileRef = 93B16F261CECDE3A00B04783 /* TotalTVC.m */; };
		93B16F2A1CECDF3B00B04783 /* OvertimeTVC.m in Sources */ = {isa = PBXBuildFile; fileRef = 93B16F291CECDF3B00B04783 /* OvertimeTVC.m */; };
		93B16F2C1CECE40100B04783 /* overtime.png in Resources */ = {isa = PBXBuildFile; fileRef = 93B16F2B1CECE40100B04783 /* overtime.png */; };
		93B16F2E1CECE43300B04783 /* newclock.png in Resources */ = {isa = PBXBuildFile; fileRef = 93B16F2D1CECE43300B04783 /* newclock.png */; };
		93E7ED5C1D005DEA008CB16D /* Overtime+CoreDataProperties.m in Sources */ = {isa = PBXBuildFile; fileRef = 93E7ED591D005DEA008CB16D /* Overtime+CoreDataProperties.m */; };
		93E7ED5D1D005DEA008CB16D /* Overtime.m in Sources */ = {isa = PBXBuildFile; fileRef = 93E7ED5B1D005DEA008CB16D /* Overtime.m */; };
		93E7ED641D0065EB008CB16D /* DateFormat.m in Sources */ = {isa = PBXBuildFile; fileRef = 93E7ED611D0065EB008CB16D /* DateFormat.m */; };
		93E7ED651D0065EB008CB16D /* Faulter.m in Sources */ = {isa = PBXBuildFile; fileRef = 93E7ED631D0065EB008CB16D /* Faulter.m */; };
		93E7ED681D020C25008CB16D /* TotalsTableViewCell.m in Sources */ = {isa = PBXBuildFile; fileRef = 93E7ED671D020C25008CB16D /* TotalsTableViewCell.m */; };
/* End PBXBuildFile section */

/* Begin PBXFileReference section */
		018EA7BFAF3D25934C7E7EB2 /* libPods-OvertimeCalc.a */ = {isa = PBXFileReference; explicitFileType = archive.ar; includeInIndex = 0; path = "libPods-OvertimeCalc.a"; sourceTree = BUILT_PRODUCTS_DIR; };
		61B3FB37C6B4D7BA688299BB /* Pods-OvertimeCalc.debug.xcconfig */ = {isa = PBXFileReference; includeInIndex = 1; lastKnownFileType = text.xcconfig; name = "Pods-OvertimeCalc.debug.xcconfig"; path = "Pods/Target Support Files/Pods-OvertimeCalc/Pods-OvertimeCalc.debug.xcconfig"; sourceTree = "<group>"; };
		9324EA4D1D034B8900A3AC11 /* ViewOvertimeViewController.h */ = {isa = PBXFileReference; fileEncoding = 4; lastKnownFileType = sourcecode.c.h; path = ViewOvertimeViewController.h; sourceTree = "<group>"; };
		9324EA4E1D034B8900A3AC11 /* ViewOvertimeViewController.m */ = {isa = PBXFileReference; fileEncoding = 4; lastKnownFileType = sourcecode.c.objc; path = ViewOvertimeViewController.m; sourceTree = "<group>"; };
		937CD09B1D0F05820098187F /* OvertimeVC.h */ = {isa = PBXFileReference; fileEncoding = 4; lastKnownFileType = sourcecode.c.h; path = OvertimeVC.h; sourceTree = "<group>"; };
		937CD09C1D0F05820098187F /* OvertimeVC.m */ = {isa = PBXFileReference; fileEncoding = 4; lastKnownFileType = sourcecode.c.objc; path = OvertimeVC.m; sourceTree = "<group>"; };
		937CD0A21D0F50C40098187F /* CalendarViewController.h */ = {isa = PBXFileReference; fileEncoding = 4; lastKnownFileType = sourcecode.c.h; path = CalendarViewController.h; sourceTree = "<group>"; };
		937CD0A31D0F50C40098187F /* CalendarViewController.m */ = {isa = PBXFileReference; fileEncoding = 4; lastKnownFileType = sourcecode.c.objc; path = CalendarViewController.m; sourceTree = "<group>"; };
		937CD0A41D0F50C40098187F /* CalendarViewController.xib */ = {isa = PBXFileReference; fileEncoding = 4; lastKnownFileType = file.xib; path = CalendarViewController.xib; sourceTree = "<group>"; };
		93B16EF71CECCF7600B04783 /* OvertimeCalc.app */ = {isa = PBXFileReference; explicitFileType = wrapper.application; includeInIndex = 0; path = OvertimeCalc.app; sourceTree = BUILT_PRODUCTS_DIR; };
		93B16EFB1CECCF7600B04783 /* main.m */ = {isa = PBXFileReference; lastKnownFileType = sourcecode.c.objc; path = main.m; sourceTree = "<group>"; };
		93B16EFD1CECCF7600B04783 /* AppDelegate.h */ = {isa = PBXFileReference; lastKnownFileType = sourcecode.c.h; path = AppDelegate.h; sourceTree = "<group>"; };
		93B16EFE1CECCF7600B04783 /* AppDelegate.m */ = {isa = PBXFileReference; lastKnownFileType = sourcecode.c.objc; path = AppDelegate.m; sourceTree = "<group>"; };
		93B16F001CECCF7600B04783 /* ViewController.h */ = {isa = PBXFileReference; lastKnownFileType = sourcecode.c.h; path = ViewController.h; sourceTree = "<group>"; };
		93B16F011CECCF7600B04783 /* ViewController.m */ = {isa = PBXFileReference; lastKnownFileType = sourcecode.c.objc; path = ViewController.m; sourceTree = "<group>"; };
		93B16F041CECCF7600B04783 /* Base */ = {isa = PBXFileReference; lastKnownFileType = file.storyboard; name = Base; path = Base.lproj/Main.storyboard; sourceTree = "<group>"; };
		93B16F071CECCF7600B04783 /* OvertimeCalc.xcdatamodel */ = {isa = PBXFileReference; lastKnownFileType = wrapper.xcdatamodel; path = OvertimeCalc.xcdatamodel; sourceTree = "<group>"; };
		93B16F091CECCF7600B04783 /* Assets.xcassets */ = {isa = PBXFileReference; lastKnownFileType = folder.assetcatalog; path = Assets.xcassets; sourceTree = "<group>"; };
		93B16F0C1CECCF7600B04783 /* Base */ = {isa = PBXFileReference; lastKnownFileType = file.storyboard; name = Base; path = Base.lproj/LaunchScreen.storyboard; sourceTree = "<group>"; };
		93B16F0E1CECCF7600B04783 /* Info.plist */ = {isa = PBXFileReference; lastKnownFileType = text.plist.xml; path = Info.plist; sourceTree = "<group>"; };
		93B16F231CECD70600B04783 /* sum.png */ = {isa = PBXFileReference; lastKnownFileType = image.png; path = sum.png; sourceTree = "<group>"; };
		93B16F251CECDE3A00B04783 /* TotalTVC.h */ = {isa = PBXFileReference; fileEncoding = 4; lastKnownFileType = sourcecode.c.h; path = TotalTVC.h; sourceTree = "<group>"; };
		93B16F261CECDE3A00B04783 /* TotalTVC.m */ = {isa = PBXFileReference; fileEncoding = 4; lastKnownFileType = sourcecode.c.objc; path = TotalTVC.m; sourceTree = "<group>"; };
		93B16F281CECDF3B00B04783 /* OvertimeTVC.h */ = {isa = PBXFileReference; fileEncoding = 4; lastKnownFileType = sourcecode.c.h; path = OvertimeTVC.h; sourceTree = "<group>"; };
		93B16F291CECDF3B00B04783 /* OvertimeTVC.m */ = {isa = PBXFileReference; fileEncoding = 4; lastKnownFileType = sourcecode.c.objc; path = OvertimeTVC.m; sourceTree = "<group>"; };
		93B16F2B1CECE40100B04783 /* overtime.png */ = {isa = PBXFileReference; lastKnownFileType = image.png; path = overtime.png; sourceTree = "<group>"; };
		93B16F2D1CECE43300B04783 /* newclock.png */ = {isa = PBXFileReference; lastKnownFileType = image.png; path = newclock.png; sourceTree = "<group>"; };
		93E7ED581D005DEA008CB16D /* Overtime+CoreDataProperties.h */ = {isa = PBXFileReference; fileEncoding = 4; lastKnownFileType = sourcecode.c.h; name = "Overtime+CoreDataProperties.h"; path = "../Overtime+CoreDataProperties.h"; sourceTree = "<group>"; };
		93E7ED591D005DEA008CB16D /* Overtime+CoreDataProperties.m */ = {isa = PBXFileReference; fileEncoding = 4; lastKnownFileType = sourcecode.c.objc; name = "Overtime+CoreDataProperties.m"; path = "../Overtime+CoreDataProperties.m"; sourceTree = "<group>"; };
		93E7ED5A1D005DEA008CB16D /* Overtime.h */ = {isa = PBXFileReference; fileEncoding = 4; lastKnownFileType = sourcecode.c.h; name = Overtime.h; path = ../Overtime.h; sourceTree = "<group>"; };
		93E7ED5B1D005DEA008CB16D /* Overtime.m */ = {isa = PBXFileReference; fileEncoding = 4; lastKnownFileType = sourcecode.c.objc; name = Overtime.m; path = ../Overtime.m; sourceTree = "<group>"; };
		93E7ED601D0065EB008CB16D /* DateFormat.h */ = {isa = PBXFileReference; fileEncoding = 4; lastKnownFileType = sourcecode.c.h; path = DateFormat.h; sourceTree = "<group>"; };
		93E7ED611D0065EB008CB16D /* DateFormat.m */ = {isa = PBXFileReference; fileEncoding = 4; lastKnownFileType = sourcecode.c.objc; path = DateFormat.m; sourceTree = "<group>"; };
		93E7ED621D0065EB008CB16D /* Faulter.h */ = {isa = PBXFileReference; fileEncoding = 4; lastKnownFileType = sourcecode.c.h; path = Faulter.h; sourceTree = "<group>"; };
		93E7ED631D0065EB008CB16D /* Faulter.m */ = {isa = PBXFileReference; fileEncoding = 4; lastKnownFileType = sourcecode.c.objc; path = Faulter.m; sourceTree = "<group>"; };
		93E7ED661D020C25008CB16D /* TotalsTableViewCell.h */ = {isa = PBXFileReference; fileEncoding = 4; lastKnownFileType = sourcecode.c.h; path = TotalsTableViewCell.h; sourceTree = "<group>"; };
		93E7ED671D020C25008CB16D /* TotalsTableViewCell.m */ = {isa = PBXFileReference; fileEncoding = 4; lastKnownFileType = sourcecode.c.objc; path = TotalsTableViewCell.m; sourceTree = "<group>"; };
		F76BFAA898BE7F9073563918 /* Pods-OvertimeCalc.release.xcconfig */ = {isa = PBXFileReference; includeInIndex = 1; lastKnownFileType = text.xcconfig; name = "Pods-OvertimeCalc.release.xcconfig"; path = "Pods/Target Support Files/Pods-OvertimeCalc/Pods-OvertimeCalc.release.xcconfig"; sourceTree = "<group>"; };
/* End PBXFileReference section */

/* Begin PBXFrameworksBuildPhase section */
		93B16EF41CECCF7600B04783 /* Frameworks */ = {
			isa = PBXFrameworksBuildPhase;
			buildActionMask = 2147483647;
			files = (
				7EC965E98521112920CF9111 /* libPods-OvertimeCalc.a in Frameworks */,
			);
			runOnlyForDeploymentPostprocessing = 0;
		};
/* End PBXFrameworksBuildPhase section */

/* Begin PBXGroup section */
		8598E62E21770A2F7BE98613 /* Pods */ = {
			isa = PBXGroup;
			children = (
				61B3FB37C6B4D7BA688299BB /* Pods-OvertimeCalc.debug.xcconfig */,
				F76BFAA898BE7F9073563918 /* Pods-OvertimeCalc.release.xcconfig */,
			);
			name = Pods;
			sourceTree = "<group>";
		};
		937CD09E1D0F0CCD0098187F /* Calendar Class */ = {
			isa = PBXGroup;
			children = (
				937CD0A21D0F50C40098187F /* CalendarViewController.h */,
				937CD0A31D0F50C40098187F /* CalendarViewController.m */,
				937CD0A41D0F50C40098187F /* CalendarViewController.xib */,
			);
			name = "Calendar Class";
			sourceTree = "<group>";
		};
		93B16EEE1CECCF7600B04783 = {
			isa = PBXGroup;
			children = (
				93B16EF91CECCF7600B04783 /* OvertimeCalc */,
				93B16EF81CECCF7600B04783 /* Products */,
				8598E62E21770A2F7BE98613 /* Pods */,
				E66DBC47C5C8532BDAD9518E /* Frameworks */,
			);
			sourceTree = "<group>";
		};
		93B16EF81CECCF7600B04783 /* Products */ = {
			isa = PBXGroup;
			children = (
				93B16EF71CECCF7600B04783 /* OvertimeCalc.app */,
			);
			name = Products;
			sourceTree = "<group>";
		};
		93B16EF91CECCF7600B04783 /* OvertimeCalc */ = {
			isa = PBXGroup;
			children = (
				937CD09E1D0F0CCD0098187F /* Calendar Class */,
				93E7ED5F1D0065DF008CB16D /* Custom Classes */,
				93E7ED5E1D005DF1008CB16D /* Core Data */,
				93B16F181CECD51500B04783 /* Images */,
				93B16F171CECD13200B04783 /* ViewControllers */,
				93B16EFD1CECCF7600B04783 /* AppDelegate.h */,
				93B16EFE1CECCF7600B04783 /* AppDelegate.m */,
				93B16F031CECCF7600B04783 /* Main.storyboard */,
				93B16F091CECCF7600B04783 /* Assets.xcassets */,
				93B16F0B1CECCF7600B04783 /* LaunchScreen.storyboard */,
				93B16F0E1CECCF7600B04783 /* Info.plist */,
				93B16F061CECCF7600B04783 /* OvertimeCalc.xcdatamodeld */,
				93B16EFA1CECCF7600B04783 /* Supporting Files */,
				93E7ED661D020C25008CB16D /* TotalsTableViewCell.h */,
				93E7ED671D020C25008CB16D /* TotalsTableViewCell.m */,
			);
			path = OvertimeCalc;
			sourceTree = "<group>";
		};
		93B16EFA1CECCF7600B04783 /* Supporting Files */ = {
			isa = PBXGroup;
			children = (
				93B16EFB1CECCF7600B04783 /* main.m */,
			);
			name = "Supporting Files";
			sourceTree = "<group>";
		};
		93B16F171CECD13200B04783 /* ViewControllers */ = {
			isa = PBXGroup;
			children = (
				93B16F001CECCF7600B04783 /* ViewController.h */,
				93B16F011CECCF7600B04783 /* ViewController.m */,
				93B16F251CECDE3A00B04783 /* TotalTVC.h */,
				93B16F261CECDE3A00B04783 /* TotalTVC.m */,
				93B16F281CECDF3B00B04783 /* OvertimeTVC.h */,
				93B16F291CECDF3B00B04783 /* OvertimeTVC.m */,
				9324EA4D1D034B8900A3AC11 /* ViewOvertimeViewController.h */,
				9324EA4E1D034B8900A3AC11 /* ViewOvertimeViewController.m */,
				937CD09B1D0F05820098187F /* OvertimeVC.h */,
				937CD09C1D0F05820098187F /* OvertimeVC.m */,
			);
			name = ViewControllers;
			sourceTree = "<group>";
		};
		93B16F181CECD51500B04783 /* Images */ = {
			isa = PBXGroup;
			children = (
				93B16F231CECD70600B04783 /* sum.png */,
				93B16F2B1CECE40100B04783 /* overtime.png */,
				93B16F2D1CECE43300B04783 /* newclock.png */,
			);
			name = Images;
			sourceTree = "<group>";
		};
		93E7ED5E1D005DF1008CB16D /* Core Data */ = {
			isa = PBXGroup;
			children = (
				93E7ED581D005DEA008CB16D /* Overtime+CoreDataProperties.h */,
				93E7ED591D005DEA008CB16D /* Overtime+CoreDataProperties.m */,
				93E7ED5A1D005DEA008CB16D /* Overtime.h */,
				93E7ED5B1D005DEA008CB16D /* Overtime.m */,
			);
			name = "Core Data";
			sourceTree = "<group>";
		};
		93E7ED5F1D0065DF008CB16D /* Custom Classes */ = {
			isa = PBXGroup;
			children = (
				93E7ED601D0065EB008CB16D /* DateFormat.h */,
				93E7ED611D0065EB008CB16D /* DateFormat.m */,
				93E7ED621D0065EB008CB16D /* Faulter.h */,
				93E7ED631D0065EB008CB16D /* Faulter.m */,
			);
			name = "Custom Classes";
			sourceTree = "<group>";
		};
		E66DBC47C5C8532BDAD9518E /* Frameworks */ = {
			isa = PBXGroup;
			children = (
				018EA7BFAF3D25934C7E7EB2 /* libPods-OvertimeCalc.a */,
			);
			name = Frameworks;
			sourceTree = "<group>";
		};
/* End PBXGroup section */

/* Begin PBXNativeTarget section */
		93B16EF61CECCF7600B04783 /* OvertimeCalc */ = {
			isa = PBXNativeTarget;
			buildConfigurationList = 93B16F111CECCF7600B04783 /* Build configuration list for PBXNativeTarget "OvertimeCalc" */;
			buildPhases = (
				41C1461120312289BB9AF5A3 /* Check Pods Manifest.lock */,
				93B16EF31CECCF7600B04783 /* Sources */,
				93B16EF41CECCF7600B04783 /* Frameworks */,
				93B16EF51CECCF7600B04783 /* Resources */,
				0285E7F2AD8F5AFB4685030E /* Embed Pods Frameworks */,
				68A7E85AA91AFE77E0A4550C /* Copy Pods Resources */,
			);
			buildRules = (
			);
			dependencies = (
			);
			name = OvertimeCalc;
			productName = OvertimeCalc;
			productReference = 93B16EF71CECCF7600B04783 /* OvertimeCalc.app */;
			productType = "com.apple.product-type.application";
		};
/* End PBXNativeTarget section */

/* Begin PBXProject section */
		93B16EEF1CECCF7600B04783 /* Project object */ = {
			isa = PBXProject;
			attributes = {
				LastUpgradeCheck = 0730;
				ORGANIZATIONNAME = "Dayan Yonnatan";
				TargetAttributes = {
					93B16EF61CECCF7600B04783 = {
						CreatedOnToolsVersion = 7.3;
						DevelopmentTeam = S7WE6HW865;
					};
				};
			};
			buildConfigurationList = 93B16EF21CECCF7600B04783 /* Build configuration list for PBXProject "OvertimeCalc" */;
			compatibilityVersion = "Xcode 3.2";
			developmentRegion = English;
			hasScannedForEncodings = 0;
			knownRegions = (
				en,
				Base,
			);
			mainGroup = 93B16EEE1CECCF7600B04783;
			productRefGroup = 93B16EF81CECCF7600B04783 /* Products */;
			projectDirPath = "";
			projectRoot = "";
			targets = (
				93B16EF61CECCF7600B04783 /* OvertimeCalc */,
			);
		};
/* End PBXProject section */

/* Begin PBXResourcesBuildPhase section */
		93B16EF51CECCF7600B04783 /* Resources */ = {
			isa = PBXResourcesBuildPhase;
			buildActionMask = 2147483647;
			files = (
				93B16F0D1CECCF7600B04783 /* LaunchScreen.storyboard in Resources */,
				93B16F2C1CECE40100B04783 /* overtime.png in Resources */,
				93B16F0A1CECCF7600B04783 /* Assets.xcassets in Resources */,
				93B16F241CECD70600B04783 /* sum.png in Resources */,
				93B16F051CECCF7600B04783 /* Main.storyboard in Resources */,
				93B16F2E1CECE43300B04783 /* newclock.png in Resources */,
				937CD0A61D0F50C40098187F /* CalendarViewController.xib in Resources */,
			);
			runOnlyForDeploymentPostprocessing = 0;
		};
/* End PBXResourcesBuildPhase section */

/* Begin PBXShellScriptBuildPhase section */
		0285E7F2AD8F5AFB4685030E /* Embed Pods Frameworks */ = {
			isa = PBXShellScriptBuildPhase;
			buildActionMask = 2147483647;
			files = (
			);
			inputPaths = (
			);
			name = "Embed Pods Frameworks";
			outputPaths = (
			);
			runOnlyForDeploymentPostprocessing = 0;
			shellPath = /bin/sh;
			shellScript = "\"${SRCROOT}/Pods/Target Support Files/Pods-OvertimeCalc/Pods-OvertimeCalc-frameworks.sh\"\n";
			showEnvVarsInLog = 0;
		};
		41C1461120312289BB9AF5A3 /* Check Pods Manifest.lock */ = {
			isa = PBXShellScriptBuildPhase;
			buildActionMask = 2147483647;
			files = (
			);
			inputPaths = (
			);
			name = "Check Pods Manifest.lock";
			outputPaths = (
			);
			runOnlyForDeploymentPostprocessing = 0;
			shellPath = /bin/sh;
			shellScript = "diff \"${PODS_ROOT}/../Podfile.lock\" \"${PODS_ROOT}/Manifest.lock\" > /dev/null\nif [[ $? != 0 ]] ; then\n    cat << EOM\nerror: The sandbox is not in sync with the Podfile.lock. Run 'pod install' or update your CocoaPods installation.\nEOM\n    exit 1\nfi\n";
			showEnvVarsInLog = 0;
		};
		68A7E85AA91AFE77E0A4550C /* Copy Pods Resources */ = {
			isa = PBXShellScriptBuildPhase;
			buildActionMask = 2147483647;
			files = (
			);
			inputPaths = (
			);
			name = "Copy Pods Resources";
			outputPaths = (
			);
			runOnlyForDeploymentPostprocessing = 0;
			shellPath = /bin/sh;
			shellScript = "\"${SRCROOT}/Pods/Target Support Files/Pods-OvertimeCalc/Pods-OvertimeCalc-resources.sh\"\n";
			showEnvVarsInLog = 0;
		};
/* End PBXShellScriptBuildPhase section */

/* Begin PBXSourcesBuildPhase section */
		93B16EF31CECCF7600B04783 /* Sources */ = {
			isa = PBXSourcesBuildPhase;
			buildActionMask = 2147483647;
			files = (
				93E7ED5D1D005DEA008CB16D /* Overtime.m in Sources */,
				93E7ED5C1D005DEA008CB16D /* Overtime+CoreDataProperties.m in Sources */,
				93B16F021CECCF7600B04783 /* ViewController.m in Sources */,
				93B16EFF1CECCF7600B04783 /* AppDelegate.m in Sources */,
				93B16EFC1CECCF7600B04783 /* main.m in Sources */,
				93B16F271CECDE3A00B04783 /* TotalTVC.m in Sources */,
				93E7ED641D0065EB008CB16D /* DateFormat.m in Sources */,
				93B16F2A1CECDF3B00B04783 /* OvertimeTVC.m in Sources */,
				937CD09D1D0F05820098187F /* OvertimeVC.m in Sources */,
				9324EA4F1D034B8900A3AC11 /* ViewOvertimeViewController.m in Sources */,
				93B16F081CECCF7600B04783 /* OvertimeCalc.xcdatamodeld in Sources */,
				93E7ED681D020C25008CB16D /* TotalsTableViewCell.m in Sources */,
				937CD0A51D0F50C40098187F /* CalendarViewController.m in Sources */,
				93E7ED651D0065EB008CB16D /* Faulter.m in Sources */,
			);
			runOnlyForDeploymentPostprocessing = 0;
		};
/* End PBXSourcesBuildPhase section */

/* Begin PBXVariantGroup section */
		93B16F031CECCF7600B04783 /* Main.storyboard */ = {
			isa = PBXVariantGroup;
			children = (
				93B16F041CECCF7600B04783 /* Base */,
			);
			name = Main.storyboard;
			sourceTree = "<group>";
		};
		93B16F0B1CECCF7600B04783 /* LaunchScreen.storyboard */ = {
			isa = PBXVariantGroup;
			children = (
				93B16F0C1CECCF7600B04783 /* Base */,
			);
			name = LaunchScreen.storyboard;
			sourceTree = "<group>";
		};
/* End PBXVariantGroup section */

/* Begin XCBuildConfiguration section */
		93B16F0F1CECCF7600B04783 /* Debug */ = {
			isa = XCBuildConfiguration;
			buildSettings = {
				ALWAYS_SEARCH_USER_PATHS = NO;
				CLANG_ANALYZER_NONNULL = YES;
				CLANG_CXX_LANGUAGE_STANDARD = "gnu++0x";
				CLANG_CXX_LIBRARY = "libc++";
				CLANG_ENABLE_MODULES = YES;
				CLANG_ENABLE_OBJC_ARC = YES;
				CLANG_WARN_BOOL_CONVERSION = YES;
				CLANG_WARN_CONSTANT_CONVERSION = YES;
				CLANG_WARN_DIRECT_OBJC_ISA_USAGE = YES_ERROR;
				CLANG_WARN_EMPTY_BODY = YES;
				CLANG_WARN_ENUM_CONVERSION = YES;
				CLANG_WARN_INT_CONVERSION = YES;
				CLANG_WARN_OBJC_ROOT_CLASS = YES_ERROR;
				CLANG_WARN_UNREACHABLE_CODE = YES;
				CLANG_WARN__DUPLICATE_METHOD_MATCH = YES;
				"CODE_SIGN_IDENTITY[sdk=iphoneos*]" = "iPhone Developer";
				COPY_PHASE_STRIP = NO;
				DEBUG_INFORMATION_FORMAT = dwarf;
				ENABLE_STRICT_OBJC_MSGSEND = YES;
				ENABLE_TESTABILITY = YES;
				GCC_C_LANGUAGE_STANDARD = gnu99;
				GCC_DYNAMIC_NO_PIC = NO;
				GCC_NO_COMMON_BLOCKS = YES;
				GCC_OPTIMIZATION_LEVEL = 0;
				GCC_PREPROCESSOR_DEFINITIONS = (
					"DEBUG=1",
					"$(inherited)",
				);
				GCC_WARN_64_TO_32_BIT_CONVERSION = YES;
				GCC_WARN_ABOUT_RETURN_TYPE = YES_ERROR;
				GCC_WARN_UNDECLARED_SELECTOR = YES;
				GCC_WARN_UNINITIALIZED_AUTOS = YES_AGGRESSIVE;
				GCC_WARN_UNUSED_FUNCTION = YES;
				GCC_WARN_UNUSED_VARIABLE = YES;
				IPHONEOS_DEPLOYMENT_TARGET = 9.3;
				MTL_ENABLE_DEBUG_INFO = YES;
				ONLY_ACTIVE_ARCH = YES;
				SDKROOT = iphoneos;
			};
			name = Debug;
		};
		93B16F101CECCF7600B04783 /* Release */ = {
			isa = XCBuildConfiguration;
			buildSettings = {
				ALWAYS_SEARCH_USER_PATHS = NO;
				CLANG_ANALYZER_NONNULL = YES;
				CLANG_CXX_LANGUAGE_STANDARD = "gnu++0x";
				CLANG_CXX_LIBRARY = "libc++";
				CLANG_ENABLE_MODULES = YES;
				CLANG_ENABLE_OBJC_ARC = YES;
				CLANG_WARN_BOOL_CONVERSION = YES;
				CLANG_WARN_CONSTANT_CONVERSION = YES;
				CLANG_WARN_DIRECT_OBJC_ISA_USAGE = YES_ERROR;
				CLANG_WARN_EMPTY_BODY = YES;
				CLANG_WARN_ENUM_CONVERSION = YES;
				CLANG_WARN_INT_CONVERSION = YES;
				CLANG_WARN_OBJC_ROOT_CLASS = YES_ERROR;
				CLANG_WARN_UNREACHABLE_CODE = YES;
				CLANG_WARN__DUPLICATE_METHOD_MATCH = YES;
				"CODE_SIGN_IDENTITY[sdk=iphoneos*]" = "iPhone Developer";
				COPY_PHASE_STRIP = NO;
				DEBUG_INFORMATION_FORMAT = "dwarf-with-dsym";
				ENABLE_NS_ASSERTIONS = NO;
				ENABLE_STRICT_OBJC_MSGSEND = YES;
				GCC_C_LANGUAGE_STANDARD = gnu99;
				GCC_NO_COMMON_BLOCKS = YES;
				GCC_WARN_64_TO_32_BIT_CONVERSION = YES;
				GCC_WARN_ABOUT_RETURN_TYPE = YES_ERROR;
				GCC_WARN_UNDECLARED_SELECTOR = YES;
				GCC_WARN_UNINITIALIZED_AUTOS = YES_AGGRESSIVE;
				GCC_WARN_UNUSED_FUNCTION = YES;
				GCC_WARN_UNUSED_VARIABLE = YES;
				IPHONEOS_DEPLOYMENT_TARGET = 9.3;
				MTL_ENABLE_DEBUG_INFO = NO;
				SDKROOT = iphoneos;
				VALIDATE_PRODUCT = YES;
			};
			name = Release;
		};
		93B16F121CECCF7600B04783 /* Debug */ = {
			isa = XCBuildConfiguration;
			baseConfigurationReference = 61B3FB37C6B4D7BA688299BB /* Pods-OvertimeCalc.debug.xcconfig */;
			buildSettings = {
				ASSETCATALOG_COMPILER_APPICON_NAME = AppIcon;
				CODE_SIGN_IDENTITY = "iPhone Developer";
				"CODE_SIGN_IDENTITY[sdk=iphoneos*]" = "iPhone Developer";
				INFOPLIST_FILE = OvertimeCalc/Info.plist;
				LD_RUNPATH_SEARCH_PATHS = "$(inherited) @executable_path/Frameworks";
				PRODUCT_BUNDLE_IDENTIFIER = AlwaysHustlin.OvertimeCalc;
				PRODUCT_NAME = "$(TARGET_NAME)";
				PROVISIONING_PROFILE = "";
			};
			name = Debug;
		};
		93B16F131CECCF7600B04783 /* Release */ = {
			isa = XCBuildConfiguration;
			baseConfigurationReference = F76BFAA898BE7F9073563918 /* Pods-OvertimeCalc.release.xcconfig */;
			buildSettings = {
				ASSETCATALOG_COMPILER_APPICON_NAME = AppIcon;
				CODE_SIGN_IDENTITY = "iPhone Developer";
				"CODE_SIGN_IDENTITY[sdk=iphoneos*]" = "iPhone Developer";
				INFOPLIST_FILE = OvertimeCalc/Info.plist;
				LD_RUNPATH_SEARCH_PATHS = "$(inherited) @executable_path/Frameworks";
				PRODUCT_BUNDLE_IDENTIFIER = AlwaysHustlin.OvertimeCalc;
				PRODUCT_NAME = "$(TARGET_NAME)";
				PROVISIONING_PROFILE = "";
			};
			name = Release;
		};
/* End XCBuildConfiguration section */

/* Begin XCConfigurationList section */
		93B16EF21CECCF7600B04783 /* Build configuration list for PBXProject "OvertimeCalc" */ = {
			isa = XCConfigurationList;
			buildConfigurations = (
				93B16F0F1CECCF7600B04783 /* Debug */,
				93B16F101CECCF7600B04783 /* Release */,
			);
			defaultConfigurationIsVisible = 0;
			defaultConfigurationName = Release;
		};
		93B16F111CECCF7600B04783 /* Build configuration list for PBXNativeTarget "OvertimeCalc" */ = {
			isa = XCConfigurationList;
			buildConfigurations = (
				93B16F121CECCF7600B04783 /* Debug */,
				93B16F131CECCF7600B04783 /* Release */,
			);
			defaultConfigurationIsVisible = 0;
			defaultConfigurationName = Release;
		};
/* End XCConfigurationList section */

/* Begin XCVersionGroup section */
		93B16F061CECCF7600B04783 /* OvertimeCalc.xcdatamodeld */ = {
			isa = XCVersionGroup;
			children = (
				93B16F071CECCF7600B04783 /* OvertimeCalc.xcdatamodel */,
			);
			currentVersion = 93B16F071CECCF7600B04783 /* OvertimeCalc.xcdatamodel */;
			path = OvertimeCalc.xcdatamodeld;
			sourceTree = "<group>";
			versionGroupType = wrapper.xcdatamodel;
		};
/* End XCVersionGroup section */
	};
	rootObject = 93B16EEF1CECCF7600B04783 /* Project object */;
}
